
Microsoft Visual Studio Solution File, Format Version 12.00
# Visual Studio Version 17
VisualStudioVersion = 17.13.35806.99
MinimumVisualStudioVersion = 10.0.40219.1
Project("{FAE04EC0-301F-11D3-BF4B-00C04F79EFBC}") = "WebCourse.Web", "WebCourse.Web\WebCourse.Web.csproj", "{389BA15C-FAE6-4307-88E9-18E4FE175298}"
EndProject
Project("{FAE04EC0-301F-11D3-BF4B-00C04F79EFBC}") = "WebCourse.Domain", "WebCourse.Domain\WebCourse.Domain.csproj", "{CF7CB8FD-A6ED-44FB-B08C-3ED9639986FA}"
EndProject
Project("{FAE04EC0-301F-11D3-BF4B-00C04F79EFBC}") = "WebCourse.Application", "WebCourse.Application\WebCourse.Application.csproj", "{775CE712-7361-40DA-9936-B4DC5778A93E}"
EndProject
Project("{FAE04EC0-301F-11D3-BF4B-00C04F79EFBC}") = "WebCourse.Infrastructure", "WebCourse.Infrastructure\WebCourse.Infrastructure.csproj", "{6E33A04C-0C18-443D-9854-44C7E175C806}"
EndProject
Global
	GlobalSection(SolutionConfigurationPlatforms) = preSolution
		Debug|Any CPU = Debug|Any CPU
		Release|Any CPU = Release|Any CPU
	EndGlobalSection
	GlobalSection(ProjectConfigurationPlatforms) = postSolution
		{389BA15C-FAE6-4307-88E9-18E4FE175298}.Debug|Any CPU.ActiveCfg = Debug|Any CPU
		{389BA15C-FAE6-4307-88E9-18E4FE175298}.Debug|Any CPU.Build.0 = Debug|Any CPU
		{389BA15C-FAE6-4307-88E9-18E4FE175298}.Release|Any CPU.ActiveCfg = Release|Any CPU
		{389BA15C-FAE6-4307-88E9-18E4FE175298}.Release|Any CPU.Build.0 = Release|Any CPU
		{CF7CB8FD-A6ED-44FB-B08C-3ED9639986FA}.Debug|Any CPU.ActiveCfg = Debug|Any CPU
		{CF7CB8FD-A6ED-44FB-B08C-3ED9639986FA}.Debug|Any CPU.Build.0 = Debug|Any CPU
		{CF7CB8FD-A6ED-44FB-B08C-3ED9639986FA}.Release|Any CPU.ActiveCfg = Release|Any CPU
		{CF7CB8FD-A6ED-44FB-B08C-3ED9639986FA}.Release|Any CPU.Build.0 = Release|Any CPU
		{775CE712-7361-40DA-9936-B4DC5778A93E}.Debug|Any CPU.ActiveCfg = Debug|Any CPU
		{775CE712-7361-40DA-9936-B4DC5778A93E}.Debug|Any CPU.Build.0 = Debug|Any CPU
		{775CE712-7361-40DA-9936-B4DC5778A93E}.Release|Any CPU.ActiveCfg = Release|Any CPU
		{775CE712-7361-40DA-9936-B4DC5778A93E}.Release|Any CPU.Build.0 = Release|Any CPU
		{6E33A04C-0C18-443D-9854-44C7E175C806}.Debug|Any CPU.ActiveCfg = Debug|Any CPU
		{6E33A04C-0C18-443D-9854-44C7E175C806}.Debug|Any CPU.Build.0 = Debug|Any CPU
		{6E33A04C-0C18-443D-9854-44C7E175C806}.Release|Any CPU.ActiveCfg = Release|Any CPU
		{6E33A04C-0C18-443D-9854-44C7E175C806}.Release|Any CPU.Build.0 = Release|Any CPU
	EndGlobalSection
	GlobalSection(SolutionProperties) = preSolution
		HideSolutionNode = FALSE
	EndGlobalSection
	GlobalSection(ExtensibilityGlobals) = postSolution
		SolutionGuid = {5E055A03-6EF8-4EE5-93C9-9FA16F01E025}
	EndGlobalSection
EndGlobal
